
Microsoft Visual Studio Solution File, Format Version 12.00
# Visual Studio Version 16
VisualStudioVersion = 16.0.29009.5
MinimumVisualStudioVersion = 10.0.40219.1
Project("{9A19103F-16F7-4668-BE54-9A1E7A4F7556}") = "MultiTenantKit", "Core\MultiTenantKit\MultiTenantKit.csproj", "{A72AAA91-1C77-4F2C-926A-B0AA4504D816}"
EndProject
Project("{2150E333-8FDC-42A3-9474-1A3956D46DE8}") = "Core", "Core", "{547B2605-8FF6-4E91-BFC8-EC9251FC48C2}"
	ProjectSection(SolutionItems) = preProject
		Core\README.md = Core\README.md
	EndProjectSection
EndProject
Project("{2150E333-8FDC-42A3-9474-1A3956D46DE8}") = "MVC", "MVC", "{24A2656E-C091-4CB9-9208-A5EE04F26BEE}"
	ProjectSection(SolutionItems) = preProject
		MVC\README.md = MVC\README.md
	EndProjectSection
EndProject
Project("{FAE04EC0-301F-11D3-BF4B-00C04F79EFBC}") = "MultiTenantKit.Mvc", "MVC\MultiTenantKit.Mvc\MultiTenantKit.Mvc.csproj", "{9746E7A6-3723-4E9F-B47C-B47D1064C434}"
EndProject
Project("{2150E333-8FDC-42A3-9474-1A3956D46DE8}") = "Solution Items", "Solution Items", "{D4AAD896-4A50-472B-884C-21185596CA4C}"
	ProjectSection(SolutionItems) = preProject
		README.md = README.md
	EndProjectSection
EndProject
Global
	GlobalSection(SolutionConfigurationPlatforms) = preSolution
		Debug|Any CPU = Debug|Any CPU
		Release|Any CPU = Release|Any CPU
	EndGlobalSection
	GlobalSection(ProjectConfigurationPlatforms) = postSolution
		{A72AAA91-1C77-4F2C-926A-B0AA4504D816}.Debug|Any CPU.ActiveCfg = Debug|Any CPU
		{A72AAA91-1C77-4F2C-926A-B0AA4504D816}.Debug|Any CPU.Build.0 = Debug|Any CPU
		{A72AAA91-1C77-4F2C-926A-B0AA4504D816}.Release|Any CPU.ActiveCfg = Release|Any CPU
		{A72AAA91-1C77-4F2C-926A-B0AA4504D816}.Release|Any CPU.Build.0 = Release|Any CPU
		{9746E7A6-3723-4E9F-B47C-B47D1064C434}.Debug|Any CPU.ActiveCfg = Debug|Any CPU
		{9746E7A6-3723-4E9F-B47C-B47D1064C434}.Debug|Any CPU.Build.0 = Debug|Any CPU
		{9746E7A6-3723-4E9F-B47C-B47D1064C434}.Release|Any CPU.ActiveCfg = Release|Any CPU
		{9746E7A6-3723-4E9F-B47C-B47D1064C434}.Release|Any CPU.Build.0 = Release|Any CPU
	EndGlobalSection
	GlobalSection(SolutionProperties) = preSolution
		HideSolutionNode = FALSE
	EndGlobalSection
	GlobalSection(NestedProjects) = preSolution
		{A72AAA91-1C77-4F2C-926A-B0AA4504D816} = {547B2605-8FF6-4E91-BFC8-EC9251FC48C2}
		{9746E7A6-3723-4E9F-B47C-B47D1064C434} = {24A2656E-C091-4CB9-9208-A5EE04F26BEE}
	EndGlobalSection
	GlobalSection(ExtensibilityGlobals) = postSolution
		SolutionGuid = {0FBD345F-6114-4747-8824-C3939C081F39}
	EndGlobalSection
EndGlobal
