
Microsoft Visual Studio Solution File, Format Version 12.00
# Visual Studio Version 16
VisualStudioVersion = 16.0.29009.5
MinimumVisualStudioVersion = 10.0.40219.1
Project("{2150E333-8FDC-42A3-9474-1A3956D46DE8}") = "Solution Items", "Solution Items", "{D4AAD896-4A50-472B-884C-21185596CA4C}"
	ProjectSection(SolutionItems) = preProject
		README.md = README.md
	EndProjectSection
EndProject
Project("{2150E333-8FDC-42A3-9474-1A3956D46DE8}") = "src", "src", "{F5784AE1-3A95-49FF-B30C-92B304755624}"
EndProject
Project("{9A19103F-16F7-4668-BE54-9A1E7A4F7556}") = "MultiTenantKit", "src\MultiTenantKit\MultiTenantKit.csproj", "{040ACA4E-F31D-4D37-A670-EDB2CC30DC7E}"
EndProject
Project("{9A19103F-16F7-4668-BE54-9A1E7A4F7556}") = "MultiTenantKit.Mvc", "src\MultiTenantKit.Mvc\MultiTenantKit.Mvc.csproj", "{2BC64224-E742-46B7-9B16-45E23A8BACF3}"
EndProject
Project("{2150E333-8FDC-42A3-9474-1A3956D46DE8}") = "samples", "samples", "{8F78BA0B-54E6-4591-8880-4CEEB61D6CBC}"
EndProject
Project("{9A19103F-16F7-4668-BE54-9A1E7A4F7556}") = "MultiTenantKit.MultiTenantClaimSample", "samples\MultiTenantKit.MultiTenantKitClaimSample\MultiTenantKit.MultiTenantClaimSample.csproj", "{0103ADFA-4256-484D-BA41-FD3D1F21948B}"
EndProject
Project("{9A19103F-16F7-4668-BE54-9A1E7A4F7556}") = "MultiTenantKit.MultiTenantCustomEventsSample", "samples\MultiTenantKit.MultiTenantKitCustomEventsSample\MultiTenantKit.MultiTenantCustomEventsSample.csproj", "{4F232B84-AD79-41B5-B1BF-1173ACD46FA6}"
EndProject
Project("{9A19103F-16F7-4668-BE54-9A1E7A4F7556}") = "MultiTenantKit.MultiTenantDomainSample", "samples\MultiTenantKit.MultiTenantKitDomainSample\MultiTenantKit.MultiTenantDomainSample.csproj", "{C8C9F7CA-8ACB-496B-B725-0788D13BFEA3}"
EndProject
Project("{9A19103F-16F7-4668-BE54-9A1E7A4F7556}") = "MultiTenantKit.MultiTenantRouteSample", "samples\MultiTenantKit.MultiTenantKitRouteSample\MultiTenantKit.MultiTenantRouteSample.csproj", "{19B65585-7B71-459A-ACBF-D15E4216B20A}"
EndProject
Global
	GlobalSection(SolutionConfigurationPlatforms) = preSolution
		Debug|Any CPU = Debug|Any CPU
		Release|Any CPU = Release|Any CPU
	EndGlobalSection
	GlobalSection(ProjectConfigurationPlatforms) = postSolution
		{040ACA4E-F31D-4D37-A670-EDB2CC30DC7E}.Debug|Any CPU.ActiveCfg = Debug|Any CPU
		{040ACA4E-F31D-4D37-A670-EDB2CC30DC7E}.Debug|Any CPU.Build.0 = Debug|Any CPU
		{040ACA4E-F31D-4D37-A670-EDB2CC30DC7E}.Release|Any CPU.ActiveCfg = Release|Any CPU
		{040ACA4E-F31D-4D37-A670-EDB2CC30DC7E}.Release|Any CPU.Build.0 = Release|Any CPU
		{2BC64224-E742-46B7-9B16-45E23A8BACF3}.Debug|Any CPU.ActiveCfg = Debug|Any CPU
		{2BC64224-E742-46B7-9B16-45E23A8BACF3}.Debug|Any CPU.Build.0 = Debug|Any CPU
		{2BC64224-E742-46B7-9B16-45E23A8BACF3}.Release|Any CPU.ActiveCfg = Release|Any CPU
		{2BC64224-E742-46B7-9B16-45E23A8BACF3}.Release|Any CPU.Build.0 = Release|Any CPU
		{0103ADFA-4256-484D-BA41-FD3D1F21948B}.Debug|Any CPU.ActiveCfg = Debug|Any CPU
		{0103ADFA-4256-484D-BA41-FD3D1F21948B}.Debug|Any CPU.Build.0 = Debug|Any CPU
		{0103ADFA-4256-484D-BA41-FD3D1F21948B}.Release|Any CPU.ActiveCfg = Release|Any CPU
		{0103ADFA-4256-484D-BA41-FD3D1F21948B}.Release|Any CPU.Build.0 = Release|Any CPU
		{4F232B84-AD79-41B5-B1BF-1173ACD46FA6}.Debug|Any CPU.ActiveCfg = Debug|Any CPU
		{4F232B84-AD79-41B5-B1BF-1173ACD46FA6}.Debug|Any CPU.Build.0 = Debug|Any CPU
		{4F232B84-AD79-41B5-B1BF-1173ACD46FA6}.Release|Any CPU.ActiveCfg = Release|Any CPU
		{4F232B84-AD79-41B5-B1BF-1173ACD46FA6}.Release|Any CPU.Build.0 = Release|Any CPU
		{C8C9F7CA-8ACB-496B-B725-0788D13BFEA3}.Debug|Any CPU.ActiveCfg = Debug|Any CPU
		{C8C9F7CA-8ACB-496B-B725-0788D13BFEA3}.Debug|Any CPU.Build.0 = Debug|Any CPU
		{C8C9F7CA-8ACB-496B-B725-0788D13BFEA3}.Release|Any CPU.ActiveCfg = Release|Any CPU
		{C8C9F7CA-8ACB-496B-B725-0788D13BFEA3}.Release|Any CPU.Build.0 = Release|Any CPU
		{19B65585-7B71-459A-ACBF-D15E4216B20A}.Debug|Any CPU.ActiveCfg = Debug|Any CPU
		{19B65585-7B71-459A-ACBF-D15E4216B20A}.Debug|Any CPU.Build.0 = Debug|Any CPU
		{19B65585-7B71-459A-ACBF-D15E4216B20A}.Release|Any CPU.ActiveCfg = Release|Any CPU
		{19B65585-7B71-459A-ACBF-D15E4216B20A}.Release|Any CPU.Build.0 = Release|Any CPU
	EndGlobalSection
	GlobalSection(SolutionProperties) = preSolution
		HideSolutionNode = FALSE
	EndGlobalSection
	GlobalSection(NestedProjects) = preSolution
		{040ACA4E-F31D-4D37-A670-EDB2CC30DC7E} = {F5784AE1-3A95-49FF-B30C-92B304755624}
		{2BC64224-E742-46B7-9B16-45E23A8BACF3} = {F5784AE1-3A95-49FF-B30C-92B304755624}
		{0103ADFA-4256-484D-BA41-FD3D1F21948B} = {8F78BA0B-54E6-4591-8880-4CEEB61D6CBC}
		{4F232B84-AD79-41B5-B1BF-1173ACD46FA6} = {8F78BA0B-54E6-4591-8880-4CEEB61D6CBC}
		{C8C9F7CA-8ACB-496B-B725-0788D13BFEA3} = {8F78BA0B-54E6-4591-8880-4CEEB61D6CBC}
		{19B65585-7B71-459A-ACBF-D15E4216B20A} = {8F78BA0B-54E6-4591-8880-4CEEB61D6CBC}
	EndGlobalSection
	GlobalSection(ExtensibilityGlobals) = postSolution
		SolutionGuid = {0FBD345F-6114-4747-8824-C3939C081F39}
	EndGlobalSection
EndGlobal
